
Microsoft Visual Studio Solution File, Format Version 12.00
Project("{FAE04EC0-301F-11D3-BF4B-00C04F79EFBC}") = "DataBase_EntityFramework", "DataBase_EntityFramework\DataBase_EntityFramework.csproj", "{3CEFF408-A8A7-40A0-95D6-558A9078667B}"
EndProject
Global
	GlobalSection(SolutionConfigurationPlatforms) = preSolution
		Debug|Any CPU = Debug|Any CPU
		Release|Any CPU = Release|Any CPU
	EndGlobalSection
	GlobalSection(ProjectConfigurationPlatforms) = postSolution
		{3CEFF408-A8A7-40A0-95D6-558A9078667B}.Debug|Any CPU.ActiveCfg = Debug|Any CPU
		{3CEFF408-A8A7-40A0-95D6-558A9078667B}.Debug|Any CPU.Build.0 = Debug|Any CPU
		{3CEFF408-A8A7-40A0-95D6-558A9078667B}.Release|Any CPU.ActiveCfg = Release|Any CPU
		{3CEFF408-A8A7-40A0-95D6-558A9078667B}.Release|Any CPU.Build.0 = Release|Any CPU
	EndGlobalSection
EndGlobal
